
Microsoft Visual Studio Solution File, Format Version 12.00
# Visual Studio Version 17
VisualStudioVersion = 17.1.32407.343
MinimumVisualStudioVersion = 10.0.40219.1
Project("{9A19103F-16F7-4668-BE54-9A1E7A4F7556}") = "Ridavei.FileCryption", "Ridavei.FileCryption\Ridavei.FileCryption.csproj", "{780E3B5B-DE8E-42BB-AB8F-306FBB0C5AF7}"
EndProject
Project("{FAE04EC0-301F-11D3-BF4B-00C04F79EFBC}") = "Ridavei.FileCryption.Loader.FileStream", "Ridavei.FileCryption.Loader.FileStream\Ridavei.FileCryption.Loader.FileStream.csproj", "{09B38237-6C9E-4BFC-8CA3-AA3F3FCDF312}"
EndProject
Global
	GlobalSection(SolutionConfigurationPlatforms) = preSolution
		Debug|Any CPU = Debug|Any CPU
		Release|Any CPU = Release|Any CPU
	EndGlobalSection
	GlobalSection(ProjectConfigurationPlatforms) = postSolution
		{780E3B5B-DE8E-42BB-AB8F-306FBB0C5AF7}.Debug|Any CPU.ActiveCfg = Debug|Any CPU
		{780E3B5B-DE8E-42BB-AB8F-306FBB0C5AF7}.Debug|Any CPU.Build.0 = Debug|Any CPU
		{780E3B5B-DE8E-42BB-AB8F-306FBB0C5AF7}.Release|Any CPU.ActiveCfg = Release|Any CPU
		{780E3B5B-DE8E-42BB-AB8F-306FBB0C5AF7}.Release|Any CPU.Build.0 = Release|Any CPU
		{09B38237-6C9E-4BFC-8CA3-AA3F3FCDF312}.Debug|Any CPU.ActiveCfg = Debug|Any CPU
		{09B38237-6C9E-4BFC-8CA3-AA3F3FCDF312}.Debug|Any CPU.Build.0 = Debug|Any CPU
		{09B38237-6C9E-4BFC-8CA3-AA3F3FCDF312}.Release|Any CPU.ActiveCfg = Release|Any CPU
		{09B38237-6C9E-4BFC-8CA3-AA3F3FCDF312}.Release|Any CPU.Build.0 = Release|Any CPU
	EndGlobalSection
	GlobalSection(SolutionProperties) = preSolution
		HideSolutionNode = FALSE
	EndGlobalSection
	GlobalSection(ExtensibilityGlobals) = postSolution
		SolutionGuid = {2C5594BA-B3D5-4CEC-A222-48CACDCA44B9}
	EndGlobalSection
EndGlobal
